
Microsoft Visual Studio Solution File, Format Version 12.00
# Visual Studio Version 17
VisualStudioVersion = 17.2.32519.379
MinimumVisualStudioVersion = 10.0.40219.1
Project("{FAE04EC0-301F-11D3-BF4B-00C04F79EFBC}") = "Clinic_API", "Clinic_API\Clinic_API.csproj", "{91601484-FD74-4EFA-A7A3-A2B561706E8C}"
EndProject
Global
	GlobalSection(SolutionConfigurationPlatforms) = preSolution
		Debug|Any CPU = Debug|Any CPU
		Release|Any CPU = Release|Any CPU
	EndGlobalSection
	GlobalSection(ProjectConfigurationPlatforms) = postSolution
		{91601484-FD74-4EFA-A7A3-A2B561706E8C}.Debug|Any CPU.ActiveCfg = Debug|Any CPU
		{91601484-FD74-4EFA-A7A3-A2B561706E8C}.Debug|Any CPU.Build.0 = Debug|Any CPU
		{91601484-FD74-4EFA-A7A3-A2B561706E8C}.Release|Any CPU.ActiveCfg = Release|Any CPU
		{91601484-FD74-4EFA-A7A3-A2B561706E8C}.Release|Any CPU.Build.0 = Release|Any CPU
	EndGlobalSection
	GlobalSection(SolutionProperties) = preSolution
		HideSolutionNode = FALSE
	EndGlobalSection
	GlobalSection(ExtensibilityGlobals) = postSolution
		SolutionGuid = {4B284DE5-730D-4DEA-B29E-288F3F8D281B}
	EndGlobalSection
EndGlobal
